<?xml version="1.0" encoding="utf-8"?>
<Project ToolsVersion="4.0" xmlns="http://schemas.microsoft.com/developer/msbuild/2003">
  <ItemGroup>
    <Filter Include="Header Files">
      <UniqueIdentifier>{93995380-89BD-4b04-88EB-625FBE52EBFB}</UniqueIdentifier>
      <Extensions>h</Extensions>
    </Filter>
    <Filter Include="Resource Files">
      <UniqueIdentifier>{67DA6AB6-F800-4c08-8B7A-83BB121AAD01}</UniqueIdentifier>
      <Extensions>qrc</Extensions>
      <ParseFiles>False</ParseFiles>
    </Filter>
    <Filter Include="Form Files">
      <UniqueIdentifier>{B1DEDCF6-DB46-4B6B-845D-5D70AC7E6A79}</UniqueIdentifier>
    </Filter>
    <Filter Include="Generated Files">
      <UniqueIdentifier>{71ED8ED8-ACB9-4CE9-BBE1-E00B30144E11}</UniqueIdentifier>
      <Extensions>moc;h;cpp</Extensions>
      <SourceControlFiles>False</SourceControlFiles>
    </Filter>
    <Filter Include="Source Files">
      <UniqueIdentifier>{4FC737F1-C7A5-4376-A066-2A32D752A2FF}</UniqueIdentifier>
      <Extensions>cpp;cxx;c</Extensions>
    </Filter>
    <Filter Include="Source Files\CommonLib">
      <UniqueIdentifier>{7054ced8-7c9f-4188-ba15-de95e107782d}</UniqueIdentifier>
    </Filter>
    <Filter Include="Source Files\FileIOLib">
      <UniqueIdentifier>{eda63164-c1da-4cf7-a7b7-54f36dc435f9}</UniqueIdentifier>
    </Filter>
  </ItemGroup>
  <ItemGroup>
    <ClCompile Include="src\main.cpp">
      <Filter>Source Files</Filter>
    </ClCompile>
    <ClCompile Include="src\mainWindow.cpp">
      <Filter>Source Files</Filter>
    </ClCompile>
    <ClCompile Include="src\scene3D.cpp">
      <Filter>Source Files</Filter>
    </ClCompile>
    <ClCompile Include="$(Platform)\moc_mainWindow.cpp">
      <Filter>Generated Files</Filter>
    </ClCompile>
    <ClCompile Include="$(Platform)\moc_scene3D.cpp">
      <Filter>Generated Files</Filter>
    </ClCompile>
    <ClCompile Include="$(Platform)\moc_tutorialDialog.cpp">
      <Filter>Generated Files</Filter>
    </ClCompile>
    <ClCompile Include="$(Platform)\qrc_icons.cpp">
      <Filter>Generated Files</Filter>
    </ClCompile>
    <ClCompile Include="$(Platform)\qrc_tutorial.cpp">
      <Filter>Generated Files</Filter>
    </ClCompile>
    <ClCompile Include="src\CommonLib\Exception.cpp">
      <Filter>Source Files\CommonLib</Filter>
    </ClCompile>
    <ClCompile Include="src\CommonLib\PeriodicTable.cpp">
      <Filter>Source Files\CommonLib</Filter>
    </ClCompile>
    <ClCompile Include="src\CommonLib\Logger.cpp">
      <Filter>Source Files\CommonLib</Filter>
    </ClCompile>
    <ClCompile Include="src\FileIOLib\FileIOBase.cpp">
      <Filter>Source Files\FileIOLib</Filter>
    </ClCompile>
    <ClCompile Include="src\molecular.cpp">
      <Filter>Source Files</Filter>
    </ClCompile>
    <ClCompile Include="src\mapping.cpp">
      <Filter>Source Files</Filter>
    </ClCompile>
  </ItemGroup>
  <ItemGroup>
    <CustomBuild Include="src\mainWindow.h">
      <Filter>Header Files</Filter>
    </CustomBuild>
    <CustomBuild Include="src\scene3D.h">
      <Filter>Header Files</Filter>
    </CustomBuild>
    <CustomBuild Include="src\icons.qrc">
      <Filter>Resource Files</Filter>
    </CustomBuild>
    <CustomBuild Include="src\tutorial.qrc">
      <Filter>Resource Files</Filter>
    </CustomBuild>
    <CustomBuild Include="src\tutorialDialog.h">
      <Filter>Header Files</Filter>
    </CustomBuild>
    <CustomBuild Include="src\tutorialDialog.ui">
      <Filter>Form Files</Filter>
    </CustomBuild>
  </ItemGroup>
</Project>